front:
  template: magic/M15/Main
  colors:
    - char: r
      name: red
      sources:
        normal: true
  colorOverride: []
  name: Overclock
  manaCost:
    __type: ManaCost
    symbols: R
  artImage:
    __type: image
    imageUrl: null
    width: 0
    height: 0
    cropWidth: 0
    cropHeight: 0
    xOffset: 0
    yOffset: 0
  superType: Instant
  subType: ""
  flagLeft: ""
  flagRight: ""
  power: ""
  toughness: ""
  showPT: ""
  rarity: rare
  illustrator: ""
  autoCollectorNumber: "0154"
  collectorNumber: ""
  setCode: ""
  language: ""
  legalText: ""
  showFooterOverrides: false
  rulesText: Until end of turn, whenever you activate or trigger an ability, if it
    isn't a mana ability, copy that ability. You may choose new targets for the
    copy.
  flavorText: null
  chopTop: ""
  chopBottom: ""
  maxFontSize: ""
  centerText: never
  frame: auto
  artSize: auto
  crownStyle: auto
  nyxStyle: auto
  vehicleStyle: auto
  snowStyle: auto
  scrollsStyle: auto
  draftStyle: auto
  miracleStyle: auto
  ubStyle: auto
  hybridStyle: []
  hybridBlendStyle: grey
  meldStyle: none
  otherFrameOptions:
    avoidCoveringDevoid: true
notes: ""
tags: []
baseName: Overclock
